Microsoft Visual Studio Solution File, Format Version 12.00
# Visual Studio 15
VisualStudioVersion = 15.0.27130.0
MinimumVisualStudioVersion = 10.0.40219.1
Project("{FAE04EC0-301F-11D3-BF4B-00C04F79EFBC}") = "SendsafelyAPI", "SendsafelyAPI\SendsafelyAPI.csproj", "{9BDEB9EC-7B8C-44DD-A3A1-9EF4F2B2499E}"
EndProject
Global
	GlobalSection(SolutionConfigurationPlatforms) = preSolution
		Debug|Any CPU = Debug|Any CPU
		Debug|Mixed Platforms = Debug|Mixed Platforms
		Debug|x86 = Debug|x86
		Release|Any CPU = Release|Any CPU
		Release|Mixed Platforms = Release|Mixed Platforms
		Release|x86 = Release|x86
	EndGlobalSection
	GlobalSection(ProjectConfigurationPlatforms) = postSolution
		{9BDEB9EC-7B8C-44DD-A3A1-9EF4F2B2499E}.Debug|Any CPU.ActiveCfg = Debug|Any CPU
		{9BDEB9EC-7B8C-44DD-A3A1-9EF4F2B2499E}.Debug|Any CPU.Build.0 = Debug|Any CPU
		{9BDEB9EC-7B8C-44DD-A3A1-9EF4F2B2499E}.Debug|Mixed Platforms.ActiveCfg = Debug|Any CPU
		{9BDEB9EC-7B8C-44DD-A3A1-9EF4F2B2499E}.Debug|Mixed Platforms.Build.0 = Debug|Any CPU
		{9BDEB9EC-7B8C-44DD-A3A1-9EF4F2B2499E}.Debug|x86.ActiveCfg = Debug|Any CPU
		{9BDEB9EC-7B8C-44DD-A3A1-9EF4F2B2499E}.Release|Any CPU.ActiveCfg = Release|Any CPU
		{9BDEB9EC-7B8C-44DD-A3A1-9EF4F2B2499E}.Release|Any CPU.Build.0 = Release|Any CPU
		{9BDEB9EC-7B8C-44DD-A3A1-9EF4F2B2499E}.Release|Mixed Platforms.ActiveCfg = Release|Any CPU
		{9BDEB9EC-7B8C-44DD-A3A1-9EF4F2B2499E}.Release|Mixed Platforms.Build.0 = Release|Any CPU
		{9BDEB9EC-7B8C-44DD-A3A1-9EF4F2B2499E}.Release|x86.ActiveCfg = Release|Any CPU
	EndGlobalSection
	GlobalSection(SolutionProperties) = preSolution
		HideSolutionNode = FALSE
	EndGlobalSection
	GlobalSection(ExtensibilityGlobals) = postSolution
		SolutionGuid = {09580AB2-B0CC-44BF-9DB0-22677C6E80F1}
	EndGlobalSection
EndGlobal
